
Microsoft Visual Studio Solution File, Format Version 12.00
# Visual Studio Version 16
VisualStudioVersion = 16.0.29519.87
MinimumVisualStudioVersion = 10.0.40219.1
Project("{9A19103F-16F7-4668-BE54-9A1E7A4F7556}") = "Distributor.API", "Distributor.API\Distributor.API.csproj", "{1CBC03D6-3A90-438F-942F-F843D1699665}"
EndProject
Project("{FAE04EC0-301F-11D3-BF4B-00C04F79EFBC}") = "Distributor.Worker", "Distributor.Worker\Distributor.Worker.csproj", "{37257AB5-D31E-44F9-9132-EAF6301DBAA1}"
EndProject
Project("{FAE04EC0-301F-11D3-BF4B-00C04F79EFBC}") = "Distributor.Messaging", "Distributor.Messaging\Distributor.Messaging.csproj", "{1262E6B1-E472-475D-8668-12004705994E}"
EndProject
Project("{FAE04EC0-301F-11D3-BF4B-00C04F79EFBC}") = "Distributor.Worker.Contracts", "Distributor.Worker.Contracts\Distributor.Worker.Contracts.csproj", "{17CEDCCA-2A30-41F9-8AC1-DAD403006E54}"
EndProject
Global
	GlobalSection(SolutionConfigurationPlatforms) = preSolution
		Debug|Any CPU = Debug|Any CPU
		Release|Any CPU = Release|Any CPU
	EndGlobalSection
	GlobalSection(ProjectConfigurationPlatforms) = postSolution
		{1CBC03D6-3A90-438F-942F-F843D1699665}.Debug|Any CPU.ActiveCfg = Debug|Any CPU
		{1CBC03D6-3A90-438F-942F-F843D1699665}.Debug|Any CPU.Build.0 = Debug|Any CPU
		{1CBC03D6-3A90-438F-942F-F843D1699665}.Release|Any CPU.ActiveCfg = Release|Any CPU
		{1CBC03D6-3A90-438F-942F-F843D1699665}.Release|Any CPU.Build.0 = Release|Any CPU
		{37257AB5-D31E-44F9-9132-EAF6301DBAA1}.Debug|Any CPU.ActiveCfg = Debug|Any CPU
		{37257AB5-D31E-44F9-9132-EAF6301DBAA1}.Debug|Any CPU.Build.0 = Debug|Any CPU
		{37257AB5-D31E-44F9-9132-EAF6301DBAA1}.Release|Any CPU.ActiveCfg = Release|Any CPU
		{37257AB5-D31E-44F9-9132-EAF6301DBAA1}.Release|Any CPU.Build.0 = Release|Any CPU
		{1262E6B1-E472-475D-8668-12004705994E}.Debug|Any CPU.ActiveCfg = Debug|Any CPU
		{1262E6B1-E472-475D-8668-12004705994E}.Debug|Any CPU.Build.0 = Debug|Any CPU
		{1262E6B1-E472-475D-8668-12004705994E}.Release|Any CPU.ActiveCfg = Release|Any CPU
		{1262E6B1-E472-475D-8668-12004705994E}.Release|Any CPU.Build.0 = Release|Any CPU
		{17CEDCCA-2A30-41F9-8AC1-DAD403006E54}.Debug|Any CPU.ActiveCfg = Debug|Any CPU
		{17CEDCCA-2A30-41F9-8AC1-DAD403006E54}.Debug|Any CPU.Build.0 = Debug|Any CPU
		{17CEDCCA-2A30-41F9-8AC1-DAD403006E54}.Release|Any CPU.ActiveCfg = Release|Any CPU
		{17CEDCCA-2A30-41F9-8AC1-DAD403006E54}.Release|Any CPU.Build.0 = Release|Any CPU
	EndGlobalSection
	GlobalSection(SolutionProperties) = preSolution
		HideSolutionNode = FALSE
	EndGlobalSection
	GlobalSection(ExtensibilityGlobals) = postSolution
		SolutionGuid = {01A8BBC7-425D-4733-9F75-708DA8A6E8F3}
	EndGlobalSection
EndGlobal
